
Microsoft Visual Studio Solution File, Format Version 12.00
# Visual Studio Version 17
VisualStudioVersion = 17.14.36414.22 d17.14
MinimumVisualStudioVersion = 10.0.40219.1
Project("{FAE04EC0-301F-11D3-BF4B-00C04F79EFBC}") = "BankSimulator", "BankSimulator\BankSimulator.csproj", "{602161ED-08C2-4A87-B4BE-3C7C0020257C}"
EndProject
Global
	GlobalSection(SolutionConfigurationPlatforms) = preSolution
		Debug|Any CPU = Debug|Any CPU
		Release|Any CPU = Release|Any CPU
	EndGlobalSection
	GlobalSection(ProjectConfigurationPlatforms) = postSolution
		{602161ED-08C2-4A87-B4BE-3C7C0020257C}.Debug|Any CPU.ActiveCfg = Debug|Any CPU
		{602161ED-08C2-4A87-B4BE-3C7C0020257C}.Debug|Any CPU.Build.0 = Debug|Any CPU
		{602161ED-08C2-4A87-B4BE-3C7C0020257C}.Release|Any CPU.ActiveCfg = Release|Any CPU
		{602161ED-08C2-4A87-B4BE-3C7C0020257C}.Release|Any CPU.Build.0 = Release|Any CPU
	EndGlobalSection
	GlobalSection(SolutionProperties) = preSolution
		HideSolutionNode = FALSE
	EndGlobalSection
	GlobalSection(ExtensibilityGlobals) = postSolution
		SolutionGuid = {9C393C92-7A05-4F1E-BC72-C092C05FD781}
	EndGlobalSection
EndGlobal
